
Microsoft Visual Studio Solution File, Format Version 12.00
# Visual Studio 15
VisualStudioVersion = 15.0.26730.16
MinimumVisualStudioVersion = 10.0.40219.1
Project("{FAE04EC0-301F-11D3-BF4B-00C04F79EFBC}") = "MatgoServer", "Server\MatgoServer.csproj", "{04B5D5C3-F701-469C-A7E8-D997A70295C4}"
EndProject
Global
	GlobalSection(SolutionConfigurationPlatforms) = preSolution
		Debug|Any CPU = Debug|Any CPU
		DebugLobby|Any CPU = DebugLobby|Any CPU
		DebugLogin|Any CPU = DebugLogin|Any CPU
		DebugRelay|Any CPU = DebugRelay|Any CPU
		Release|Any CPU = Release|Any CPU
	EndGlobalSection
	GlobalSection(ProjectConfigurationPlatforms) = postSolution
		{04B5D5C3-F701-469C-A7E8-D997A70295C4}.Debug|Any CPU.ActiveCfg = Debug|Any CPU
		{04B5D5C3-F701-469C-A7E8-D997A70295C4}.Debug|Any CPU.Build.0 = Debug|Any CPU
		{04B5D5C3-F701-469C-A7E8-D997A70295C4}.DebugLobby|Any CPU.ActiveCfg = DebugLobby|Any CPU
		{04B5D5C3-F701-469C-A7E8-D997A70295C4}.DebugLobby|Any CPU.Build.0 = DebugLobby|Any CPU
		{04B5D5C3-F701-469C-A7E8-D997A70295C4}.DebugLogin|Any CPU.ActiveCfg = DebugLogin|Any CPU
		{04B5D5C3-F701-469C-A7E8-D997A70295C4}.DebugLogin|Any CPU.Build.0 = DebugLogin|Any CPU
		{04B5D5C3-F701-469C-A7E8-D997A70295C4}.DebugRelay|Any CPU.ActiveCfg = DebugRelay|Any CPU
		{04B5D5C3-F701-469C-A7E8-D997A70295C4}.DebugRelay|Any CPU.Build.0 = DebugRelay|Any CPU
		{04B5D5C3-F701-469C-A7E8-D997A70295C4}.Release|Any CPU.ActiveCfg = Release|Any CPU
		{04B5D5C3-F701-469C-A7E8-D997A70295C4}.Release|Any CPU.Build.0 = Release|Any CPU
	EndGlobalSection
	GlobalSection(SolutionProperties) = preSolution
		HideSolutionNode = FALSE
	EndGlobalSection
	GlobalSection(ExtensibilityGlobals) = postSolution
		SolutionGuid = {1F445439-0EAF-4DEF-9CAE-1D41C28883BB}
	EndGlobalSection
EndGlobal
