
Microsoft Visual Studio Solution File, Format Version 12.00
# Visual Studio 15
VisualStudioVersion = 15.0.27004.2005
MinimumVisualStudioVersion = 10.0.40219.1
Project("{FAE04EC0-301F-11D3-BF4B-00C04F79EFBC}") = "BadugiServer", "Server\BadugiServer.csproj", "{04B5D5C3-F701-469C-A7E8-D997A70295C4}"
EndProject
Global
	GlobalSection(SolutionConfigurationPlatforms) = preSolution
		Debug|Any CPU = Debug|Any CPU
		Debug|x64 = Debug|x64
		DebugLobby|Any CPU = DebugLobby|Any CPU
		DebugLobby|x64 = DebugLobby|x64
		DebugLogin|Any CPU = DebugLogin|Any CPU
		DebugLogin|x64 = DebugLogin|x64
		DebugMaster|Any CPU = DebugMaster|Any CPU
		DebugMaster|x64 = DebugMaster|x64
		DebugRelay|Any CPU = DebugRelay|Any CPU
		DebugRelay|x64 = DebugRelay|x64
		Release|Any CPU = Release|Any CPU
		Release|x64 = Release|x64
	EndGlobalSection
	GlobalSection(ProjectConfigurationPlatforms) = postSolution
		{04B5D5C3-F701-469C-A7E8-D997A70295C4}.Debug|Any CPU.ActiveCfg = Debug|Any CPU
		{04B5D5C3-F701-469C-A7E8-D997A70295C4}.Debug|Any CPU.Build.0 = Debug|Any CPU
		{04B5D5C3-F701-469C-A7E8-D997A70295C4}.Debug|x64.ActiveCfg = Debug|x64
		{04B5D5C3-F701-469C-A7E8-D997A70295C4}.Debug|x64.Build.0 = Debug|x64
		{04B5D5C3-F701-469C-A7E8-D997A70295C4}.DebugLobby|Any CPU.ActiveCfg = DebugLobby|Any CPU
		{04B5D5C3-F701-469C-A7E8-D997A70295C4}.DebugLobby|Any CPU.Build.0 = DebugLobby|Any CPU
		{04B5D5C3-F701-469C-A7E8-D997A70295C4}.DebugLobby|x64.ActiveCfg = DebugLobby|x64
		{04B5D5C3-F701-469C-A7E8-D997A70295C4}.DebugLobby|x64.Build.0 = DebugLobby|x64
		{04B5D5C3-F701-469C-A7E8-D997A70295C4}.DebugLogin|Any CPU.ActiveCfg = DebugLogin|Any CPU
		{04B5D5C3-F701-469C-A7E8-D997A70295C4}.DebugLogin|Any CPU.Build.0 = DebugLogin|Any CPU
		{04B5D5C3-F701-469C-A7E8-D997A70295C4}.DebugLogin|x64.ActiveCfg = DebugLogin|x64
		{04B5D5C3-F701-469C-A7E8-D997A70295C4}.DebugLogin|x64.Build.0 = DebugLogin|x64
		{04B5D5C3-F701-469C-A7E8-D997A70295C4}.DebugMaster|Any CPU.ActiveCfg = DebugMaster|Any CPU
		{04B5D5C3-F701-469C-A7E8-D997A70295C4}.DebugMaster|Any CPU.Build.0 = DebugMaster|Any CPU
		{04B5D5C3-F701-469C-A7E8-D997A70295C4}.DebugMaster|x64.ActiveCfg = DebugMaster|x64
		{04B5D5C3-F701-469C-A7E8-D997A70295C4}.DebugMaster|x64.Build.0 = DebugMaster|x64
		{04B5D5C3-F701-469C-A7E8-D997A70295C4}.DebugRelay|Any CPU.ActiveCfg = DebugRelay|Any CPU
		{04B5D5C3-F701-469C-A7E8-D997A70295C4}.DebugRelay|Any CPU.Build.0 = DebugRelay|Any CPU
		{04B5D5C3-F701-469C-A7E8-D997A70295C4}.DebugRelay|x64.ActiveCfg = DebugRelay|x64
		{04B5D5C3-F701-469C-A7E8-D997A70295C4}.DebugRelay|x64.Build.0 = DebugRelay|x64
		{04B5D5C3-F701-469C-A7E8-D997A70295C4}.Release|Any CPU.ActiveCfg = Release|Any CPU
		{04B5D5C3-F701-469C-A7E8-D997A70295C4}.Release|Any CPU.Build.0 = Release|Any CPU
		{04B5D5C3-F701-469C-A7E8-D997A70295C4}.Release|x64.ActiveCfg = Release|x64
		{04B5D5C3-F701-469C-A7E8-D997A70295C4}.Release|x64.Build.0 = Release|x64
	EndGlobalSection
	GlobalSection(SolutionProperties) = preSolution
		HideSolutionNode = FALSE
	EndGlobalSection
	GlobalSection(ExtensibilityGlobals) = postSolution
		SolutionGuid = {01023263-ABC6-4058-970E-868F9D33EB09}
	EndGlobalSection
EndGlobal
